
Microsoft Visual Studio Solution File, Format Version 12.00
# Visual Studio Version 17
VisualStudioVersion = 17.11.35222.181
MinimumVisualStudioVersion = 10.0.40219.1
Project("{FAE04EC0-301F-11D3-BF4B-00C04F79EFBC}") = "Github Portfolio Projekt - QuizApp", "Github Portfolio Projekt - QuizApp.csproj", "{39A8AC8A-27B7-49AE-8398-6C5360FC7E2E}"
EndProject
Global
	GlobalSection(SolutionConfigurationPlatforms) = preSolution
		Debug|Any CPU = Debug|Any CPU
		Release|Any CPU = Release|Any CPU
	EndGlobalSection
	GlobalSection(ProjectConfigurationPlatforms) = postSolution
		{39A8AC8A-27B7-49AE-8398-6C5360FC7E2E}.Debug|Any CPU.ActiveCfg = Debug|Any CPU
		{39A8AC8A-27B7-49AE-8398-6C5360FC7E2E}.Debug|Any CPU.Build.0 = Debug|Any CPU
		{39A8AC8A-27B7-49AE-8398-6C5360FC7E2E}.Release|Any CPU.ActiveCfg = Release|Any CPU
		{39A8AC8A-27B7-49AE-8398-6C5360FC7E2E}.Release|Any CPU.Build.0 = Release|Any CPU
	EndGlobalSection
	GlobalSection(SolutionProperties) = preSolution
		HideSolutionNode = FALSE
	EndGlobalSection
	GlobalSection(ExtensibilityGlobals) = postSolution
		SolutionGuid = {D7615D7E-097E-41E4-97F2-1730A2628478}
	EndGlobalSection
EndGlobal
